
Microsoft Visual Studio Solution File, Format Version 12.00
# Visual Studio Version 16
VisualStudioVersion = 16.0.29613.14
MinimumVisualStudioVersion = 10.0.40219.1
Project("{9A19103F-16F7-4668-BE54-9A1E7A4F7556}") = "Json", "Json\Json.csproj", "{FA620C3D-861D-42E7-8C8F-27E60525A354}"
EndProject
Project("{2150E333-8FDC-42A3-9474-1A3956D46DE8}") = "Solution Items", "Solution Items", "{AA60DF2E-FC28-4FFC-9CB3-1A0447F84A1A}"
	ProjectSection(SolutionItems) = preProject
		.editorconfig = .editorconfig
	EndProjectSection
EndProject
Project("{9A19103F-16F7-4668-BE54-9A1E7A4F7556}") = "Simulator", "Simulator\Simulator.csproj", "{C403A428-959C-42A3-A1A9-AC92AD0A3114}"
	ProjectSection(ProjectDependencies) = postProject
		{BEF64FF4-4652-44C7-8850-E5F3F1F835A3} = {BEF64FF4-4652-44C7-8850-E5F3F1F835A3}
	EndProjectSection
EndProject
Project("{9A19103F-16F7-4668-BE54-9A1E7A4F7556}") = "Cards", "Cards\Cards.csproj", "{BEF64FF4-4652-44C7-8850-E5F3F1F835A3}"
EndProject
Project("{9A19103F-16F7-4668-BE54-9A1E7A4F7556}") = "Client", "Client\Client.csproj", "{709C74B8-9C36-4101-ABA6-11069E28F1F1}"
	ProjectSection(ProjectDependencies) = postProject
		{B755B28D-7811-43A2-9DCF-7718798A4E88} = {B755B28D-7811-43A2-9DCF-7718798A4E88}
	EndProjectSection
EndProject
Project("{9A19103F-16F7-4668-BE54-9A1E7A4F7556}") = "Common", "Common\Common.csproj", "{B755B28D-7811-43A2-9DCF-7718798A4E88}"
EndProject
Project("{9A19103F-16F7-4668-BE54-9A1E7A4F7556}") = "Server", "Server\Server.csproj", "{8C3B944E-4EE2-4865-B85A-B127285D003E}"
EndProject
Project("{FAE04EC0-301F-11D3-BF4B-00C04F79EFBC}") = "GameEngine", "GameEngine\GameEngine.csproj", "{A04684E0-A0DF-42DE-B530-20F4995FF60E}"
EndProject
Global
	GlobalSection(SolutionConfigurationPlatforms) = preSolution
		Debug|Any CPU = Debug|Any CPU
		Release|Any CPU = Release|Any CPU
	EndGlobalSection
	GlobalSection(ProjectConfigurationPlatforms) = postSolution
		{FA620C3D-861D-42E7-8C8F-27E60525A354}.Debug|Any CPU.ActiveCfg = Debug|Any CPU
		{FA620C3D-861D-42E7-8C8F-27E60525A354}.Debug|Any CPU.Build.0 = Debug|Any CPU
		{FA620C3D-861D-42E7-8C8F-27E60525A354}.Release|Any CPU.ActiveCfg = Release|Any CPU
		{FA620C3D-861D-42E7-8C8F-27E60525A354}.Release|Any CPU.Build.0 = Release|Any CPU
		{C403A428-959C-42A3-A1A9-AC92AD0A3114}.Debug|Any CPU.ActiveCfg = Debug|Any CPU
		{C403A428-959C-42A3-A1A9-AC92AD0A3114}.Debug|Any CPU.Build.0 = Debug|Any CPU
		{C403A428-959C-42A3-A1A9-AC92AD0A3114}.Release|Any CPU.ActiveCfg = Release|Any CPU
		{C403A428-959C-42A3-A1A9-AC92AD0A3114}.Release|Any CPU.Build.0 = Release|Any CPU
		{BEF64FF4-4652-44C7-8850-E5F3F1F835A3}.Debug|Any CPU.ActiveCfg = Debug|Any CPU
		{BEF64FF4-4652-44C7-8850-E5F3F1F835A3}.Debug|Any CPU.Build.0 = Debug|Any CPU
		{BEF64FF4-4652-44C7-8850-E5F3F1F835A3}.Release|Any CPU.ActiveCfg = Release|Any CPU
		{BEF64FF4-4652-44C7-8850-E5F3F1F835A3}.Release|Any CPU.Build.0 = Release|Any CPU
		{709C74B8-9C36-4101-ABA6-11069E28F1F1}.Debug|Any CPU.ActiveCfg = Debug|Any CPU
		{709C74B8-9C36-4101-ABA6-11069E28F1F1}.Debug|Any CPU.Build.0 = Debug|Any CPU
		{709C74B8-9C36-4101-ABA6-11069E28F1F1}.Release|Any CPU.ActiveCfg = Release|Any CPU
		{709C74B8-9C36-4101-ABA6-11069E28F1F1}.Release|Any CPU.Build.0 = Release|Any CPU
		{B755B28D-7811-43A2-9DCF-7718798A4E88}.Debug|Any CPU.ActiveCfg = Debug|Any CPU
		{B755B28D-7811-43A2-9DCF-7718798A4E88}.Debug|Any CPU.Build.0 = Debug|Any CPU
		{B755B28D-7811-43A2-9DCF-7718798A4E88}.Release|Any CPU.ActiveCfg = Release|Any CPU
		{B755B28D-7811-43A2-9DCF-7718798A4E88}.Release|Any CPU.Build.0 = Release|Any CPU
		{8C3B944E-4EE2-4865-B85A-B127285D003E}.Debug|Any CPU.ActiveCfg = Debug|Any CPU
		{8C3B944E-4EE2-4865-B85A-B127285D003E}.Debug|Any CPU.Build.0 = Debug|Any CPU
		{8C3B944E-4EE2-4865-B85A-B127285D003E}.Release|Any CPU.ActiveCfg = Release|Any CPU
		{8C3B944E-4EE2-4865-B85A-B127285D003E}.Release|Any CPU.Build.0 = Release|Any CPU
		{A04684E0-A0DF-42DE-B530-20F4995FF60E}.Debug|Any CPU.ActiveCfg = Debug|Any CPU
		{A04684E0-A0DF-42DE-B530-20F4995FF60E}.Debug|Any CPU.Build.0 = Debug|Any CPU
		{A04684E0-A0DF-42DE-B530-20F4995FF60E}.Release|Any CPU.ActiveCfg = Release|Any CPU
		{A04684E0-A0DF-42DE-B530-20F4995FF60E}.Release|Any CPU.Build.0 = Release|Any CPU
	EndGlobalSection
	GlobalSection(SolutionProperties) = preSolution
		HideSolutionNode = FALSE
	EndGlobalSection
	GlobalSection(ExtensibilityGlobals) = postSolution
		SolutionGuid = {B09F1F47-2AD8-4301-BE6E-9DA2E8CB2035}
	EndGlobalSection
EndGlobal
