
Microsoft Visual Studio Solution File, Format Version 12.00
# Visual Studio Version 17
VisualStudioVersion = 17.4.33122.133
MinimumVisualStudioVersion = 10.0.40219.1
Project("{2150E333-8FDC-42A3-9474-1A3956D46DE8}") = "Solution Items", "Solution Items", "{AA60DF2E-FC28-4FFC-9CB3-1A0447F84A1A}"
	ProjectSection(SolutionItems) = preProject
		.editorconfig = .editorconfig
	EndProjectSection
EndProject
Project("{9A19103F-16F7-4668-BE54-9A1E7A4F7556}") = "Simulator", "Simulator\Simulator.csproj", "{C403A428-959C-42A3-A1A9-AC92AD0A3114}"
	ProjectSection(ProjectDependencies) = postProject
		{BEF64FF4-4652-44C7-8850-E5F3F1F835A3} = {BEF64FF4-4652-44C7-8850-E5F3F1F835A3}
	EndProjectSection
EndProject
Project("{9A19103F-16F7-4668-BE54-9A1E7A4F7556}") = "Cards", "Cards\Cards.csproj", "{BEF64FF4-4652-44C7-8850-E5F3F1F835A3}"
EndProject
Project("{9A19103F-16F7-4668-BE54-9A1E7A4F7556}") = "Common", "Common\Common.csproj", "{B755B28D-7811-43A2-9DCF-7718798A4E88}"
EndProject
Project("{9A19103F-16F7-4668-BE54-9A1E7A4F7556}") = "Engine", "Engine\Engine.csproj", "{A04684E0-A0DF-42DE-B530-20F4995FF60E}"
EndProject
Project("{9A19103F-16F7-4668-BE54-9A1E7A4F7556}") = "TestEngine", "TestEngine\TestEngine.csproj", "{E8605426-B890-4498-861E-8FC61DCC80E6}"
EndProject
Project("{9A19103F-16F7-4668-BE54-9A1E7A4F7556}") = "TestCards", "TestCards\TestCards.csproj", "{F1EF56F9-143C-46E9-A689-339A2CCC81C1}"
EndProject
Project("{9A19103F-16F7-4668-BE54-9A1E7A4F7556}") = "Web", "Web\Web.csproj", "{3A584775-54EE-4A12-86F4-30461ED1D7CF}"
	ProjectSection(ProjectDependencies) = postProject
		{BEF64FF4-4652-44C7-8850-E5F3F1F835A3} = {BEF64FF4-4652-44C7-8850-E5F3F1F835A3}
	EndProjectSection
EndProject
Global
	GlobalSection(SolutionConfigurationPlatforms) = preSolution
		Debug|Any CPU = Debug|Any CPU
		Release|Any CPU = Release|Any CPU
	EndGlobalSection
	GlobalSection(ProjectConfigurationPlatforms) = postSolution
		{C403A428-959C-42A3-A1A9-AC92AD0A3114}.Debug|Any CPU.ActiveCfg = Debug|Any CPU
		{C403A428-959C-42A3-A1A9-AC92AD0A3114}.Debug|Any CPU.Build.0 = Debug|Any CPU
		{C403A428-959C-42A3-A1A9-AC92AD0A3114}.Release|Any CPU.ActiveCfg = Release|Any CPU
		{C403A428-959C-42A3-A1A9-AC92AD0A3114}.Release|Any CPU.Build.0 = Release|Any CPU
		{BEF64FF4-4652-44C7-8850-E5F3F1F835A3}.Debug|Any CPU.ActiveCfg = Debug|Any CPU
		{BEF64FF4-4652-44C7-8850-E5F3F1F835A3}.Debug|Any CPU.Build.0 = Debug|Any CPU
		{BEF64FF4-4652-44C7-8850-E5F3F1F835A3}.Release|Any CPU.ActiveCfg = Release|Any CPU
		{BEF64FF4-4652-44C7-8850-E5F3F1F835A3}.Release|Any CPU.Build.0 = Release|Any CPU
		{B755B28D-7811-43A2-9DCF-7718798A4E88}.Debug|Any CPU.ActiveCfg = Debug|Any CPU
		{B755B28D-7811-43A2-9DCF-7718798A4E88}.Debug|Any CPU.Build.0 = Debug|Any CPU
		{B755B28D-7811-43A2-9DCF-7718798A4E88}.Release|Any CPU.ActiveCfg = Release|Any CPU
		{B755B28D-7811-43A2-9DCF-7718798A4E88}.Release|Any CPU.Build.0 = Release|Any CPU
		{A04684E0-A0DF-42DE-B530-20F4995FF60E}.Debug|Any CPU.ActiveCfg = Debug|Any CPU
		{A04684E0-A0DF-42DE-B530-20F4995FF60E}.Debug|Any CPU.Build.0 = Debug|Any CPU
		{A04684E0-A0DF-42DE-B530-20F4995FF60E}.Release|Any CPU.ActiveCfg = Release|Any CPU
		{A04684E0-A0DF-42DE-B530-20F4995FF60E}.Release|Any CPU.Build.0 = Release|Any CPU
		{E8605426-B890-4498-861E-8FC61DCC80E6}.Debug|Any CPU.ActiveCfg = Debug|Any CPU
		{E8605426-B890-4498-861E-8FC61DCC80E6}.Debug|Any CPU.Build.0 = Debug|Any CPU
		{E8605426-B890-4498-861E-8FC61DCC80E6}.Release|Any CPU.ActiveCfg = Release|Any CPU
		{E8605426-B890-4498-861E-8FC61DCC80E6}.Release|Any CPU.Build.0 = Release|Any CPU
		{F1EF56F9-143C-46E9-A689-339A2CCC81C1}.Debug|Any CPU.ActiveCfg = Debug|Any CPU
		{F1EF56F9-143C-46E9-A689-339A2CCC81C1}.Debug|Any CPU.Build.0 = Debug|Any CPU
		{F1EF56F9-143C-46E9-A689-339A2CCC81C1}.Release|Any CPU.ActiveCfg = Release|Any CPU
		{F1EF56F9-143C-46E9-A689-339A2CCC81C1}.Release|Any CPU.Build.0 = Release|Any CPU
		{3A584775-54EE-4A12-86F4-30461ED1D7CF}.Debug|Any CPU.ActiveCfg = Debug|Any CPU
		{3A584775-54EE-4A12-86F4-30461ED1D7CF}.Debug|Any CPU.Build.0 = Debug|Any CPU
		{3A584775-54EE-4A12-86F4-30461ED1D7CF}.Release|Any CPU.ActiveCfg = Release|Any CPU
		{3A584775-54EE-4A12-86F4-30461ED1D7CF}.Release|Any CPU.Build.0 = Release|Any CPU
	EndGlobalSection
	GlobalSection(SolutionProperties) = preSolution
		HideSolutionNode = FALSE
	EndGlobalSection
	GlobalSection(ExtensibilityGlobals) = postSolution
		SolutionGuid = {B09F1F47-2AD8-4301-BE6E-9DA2E8CB2035}
	EndGlobalSection
EndGlobal
